
Microsoft Visual Studio Solution File, Format Version 12.00
# Visual Studio 14
VisualStudioVersion = 14.0.25420.1
MinimumVisualStudioVersion = 10.0.40219.1
Project("{FAE04EC0-301F-11D3-BF4B-00C04F79EFBC}") = "TweetAppenderTest", "TweetAppenderTest\TweetAppenderTest.csproj", "{CD8C4507-A653-4001-A89B-EA820FBFE84E}"
EndProject
Project("{FAE04EC0-301F-11D3-BF4B-00C04F79EFBC}") = "log4net.TweetAppender", "log4net.TweetAppender\log4net.TweetAppender.csproj", "{573C49B0-C4BB-4A02-905B-8BAE4BC3ED60}"
EndProject
Global
	GlobalSection(SolutionConfigurationPlatforms) = preSolution
		Debug|Any CPU = Debug|Any CPU
		Release|Any CPU = Release|Any CPU
	EndGlobalSection
	GlobalSection(ProjectConfigurationPlatforms) = postSolution
		{CD8C4507-A653-4001-A89B-EA820FBFE84E}.Debug|Any CPU.ActiveCfg = Debug|Any CPU
		{CD8C4507-A653-4001-A89B-EA820FBFE84E}.Debug|Any CPU.Build.0 = Debug|Any CPU
		{CD8C4507-A653-4001-A89B-EA820FBFE84E}.Release|Any CPU.ActiveCfg = Release|Any CPU
		{CD8C4507-A653-4001-A89B-EA820FBFE84E}.Release|Any CPU.Build.0 = Release|Any CPU
		{573C49B0-C4BB-4A02-905B-8BAE4BC3ED60}.Debug|Any CPU.ActiveCfg = Debug|Any CPU
		{573C49B0-C4BB-4A02-905B-8BAE4BC3ED60}.Debug|Any CPU.Build.0 = Debug|Any CPU
		{573C49B0-C4BB-4A02-905B-8BAE4BC3ED60}.Release|Any CPU.ActiveCfg = Release|Any CPU
		{573C49B0-C4BB-4A02-905B-8BAE4BC3ED60}.Release|Any CPU.Build.0 = Release|Any CPU
	EndGlobalSection
	GlobalSection(SolutionProperties) = preSolution
		HideSolutionNode = FALSE
	EndGlobalSection
EndGlobal
